
Microsoft Visual Studio Solution File, Format Version 12.00
# Visual Studio 15
VisualStudioVersion = 15.0.26124.0
MinimumVisualStudioVersion = 15.0.26124.0
Project("{2150E333-8FDC-42A3-9474-1A3956D46DE8}") = "Server", "Server", "{1DD6E2FF-A649-462F-83B0-C61A1A7F1397}"
EndProject
Project("{2150E333-8FDC-42A3-9474-1A3956D46DE8}") = "Client", "Client", "{8F07DDCC-ECD9-4F21-B415-931EB940FB52}"
EndProject
Project("{2150E333-8FDC-42A3-9474-1A3956D46DE8}") = "Shared", "Shared", "{CBFF22E3-254E-4C52-B421-D22B44D65D62}"
EndProject
Project("{FAE04EC0-301F-11D3-BF4B-00C04F79EFBC}") = "Server.App", "Server\App\Server.App.csproj", "{65E636F0-3276-4F76-BE0D-37BD2E6F72D7}"
EndProject
Project("{FAE04EC0-301F-11D3-BF4B-00C04F79EFBC}") = "Server.Message", "Server\Message\Server.Message.csproj", "{60BF3FCC-ED33-45E6-8392-9CF3586E7E2A}"
EndProject
Project("{FAE04EC0-301F-11D3-BF4B-00C04F79EFBC}") = "Client.App", "Client\App\Client.App.csproj", "{19D4CBA8-010D-48F1-9655-991DE3768098}"
EndProject
Project("{FAE04EC0-301F-11D3-BF4B-00C04F79EFBC}") = "Client.Message", "Client\Message\Client.Message.csproj", "{F44CDDE0-4D34-4E67-86BD-D00DC2982D52}"
EndProject
Project("{2150E333-8FDC-42A3-9474-1A3956D46DE8}") = "Tools", "Tools", "{7C910C48-7826-48ED-9A1D-C74754071661}"
EndProject
Project("{FAE04EC0-301F-11D3-BF4B-00C04F79EFBC}") = "Shared.Frame", "Shared\Frame\Shared.Frame.csproj", "{8DE9FF20-641C-4A13-8C0B-7269413773F7}"
EndProject
Project("{FAE04EC0-301F-11D3-BF4B-00C04F79EFBC}") = "Shared.Helper", "Shared\Helper\Shared.Helper.csproj", "{18FDB312-9204-451D-86F1-36F0E09178C5}"
EndProject
Project("{FAE04EC0-301F-11D3-BF4B-00C04F79EFBC}") = "Shared.Log", "Shared\Log\Shared.Log.csproj", "{05CFC1D3-0502-48C5-9F7A-2DC3C0F35308}"
EndProject
Project("{FAE04EC0-301F-11D3-BF4B-00C04F79EFBC}") = "Shared.Utils", "Shared\Utils\Shared.Utils.csproj", "{7EF71E77-CE81-4F2D-91BF-0A28FF07BE1C}"
EndProject
Project("{FAE04EC0-301F-11D3-BF4B-00C04F79EFBC}") = "Shared.CFGData", "Shared\CFGData\Shared.CFGData.csproj", "{0D286C95-6234-4ADF-BF38-652F26FED768}"
EndProject
Project("{2150E333-8FDC-42A3-9474-1A3956D46DE8}") = "ThirdParty", "ThirdParty", "{C9F35539-1650-4835-85CD-67303132900D}"
EndProject
Project("{FAE04EC0-301F-11D3-BF4B-00C04F79EFBC}") = "Google.Protobuf", "ThirdParty\Google.Protobuf\Google.Protobuf.csproj", "{45308E94-BBBF-4200-A77D-5D7AAA18F635}"
EndProject
Project("{2150E333-8FDC-42A3-9474-1A3956D46DE8}") = "Protocol", "Protocol", "{FC397815-A9B1-47BF-969A-9F28C6A4FF75}"
EndProject
Project("{FAE04EC0-301F-11D3-BF4B-00C04F79EFBC}") = "MessageBuilder", "Protocol\MessageBuilder\MessageBuilder.csproj", "{B17A96B8-4EA4-46EA-B05C-8BEEF71D619F}"
EndProject
Project("{2150E333-8FDC-42A3-9474-1A3956D46DE8}") = "UnitTest", "UnitTest", "{F7C13E5B-3F58-4FE6-AB87-2B45AD24228A}"
EndProject
Project("{FAE04EC0-301F-11D3-BF4B-00C04F79EFBC}") = "UnitTest", "UnitTest\UnitTest.csproj", "{3F5D5190-8719-491D-9BF0-FA4BBF33BC7F}"
EndProject
Project("{FAE04EC0-301F-11D3-BF4B-00C04F79EFBC}") = "Shared.ConstData", "Shared\ConstData\Shared.ConstData.csproj", "{5A603AAF-BF25-4A26-AE9D-14A6F37379A3}"
EndProject
Project("{FAE04EC0-301F-11D3-BF4B-00C04F79EFBC}") = "ProtocolGenerator", "Protocol\ProtocolGenerator\ProtocolGenerator.csproj", "{49E3E690-3A40-47C9-9F19-D8DAF069E750}"
EndProject
Project("{FAE04EC0-301F-11D3-BF4B-00C04F79EFBC}") = "Client.Module", "Client\Module\Client.Module.csproj", "{A2B0C34A-EC4F-4AD7-99C7-43C7C7095800}"
EndProject
Project("{FAE04EC0-301F-11D3-BF4B-00C04F79EFBC}") = "Server.Module", "Server\Module\Server.Module.csproj", "{789363FA-531B-4172-970B-223A4E8B7776}"
EndProject
Global
	GlobalSection(SolutionConfigurationPlatforms) = preSolution
		Debug|Any CPU = Debug|Any CPU
		Debug|x64 = Debug|x64
		Debug|x86 = Debug|x86
		Release|Any CPU = Release|Any CPU
		Release|x64 = Release|x64
		Release|x86 = Release|x86
	EndGlobalSection
	GlobalSection(SolutionProperties) = preSolution
		HideSolutionNode = FALSE
	EndGlobalSection
	GlobalSection(NestedProjects) = preSolution
		{65E636F0-3276-4F76-BE0D-37BD2E6F72D7} = {1DD6E2FF-A649-462F-83B0-C61A1A7F1397}
		{60BF3FCC-ED33-45E6-8392-9CF3586E7E2A} = {1DD6E2FF-A649-462F-83B0-C61A1A7F1397}
		{19D4CBA8-010D-48F1-9655-991DE3768098} = {8F07DDCC-ECD9-4F21-B415-931EB940FB52}
		{F44CDDE0-4D34-4E67-86BD-D00DC2982D52} = {8F07DDCC-ECD9-4F21-B415-931EB940FB52}
		{8DE9FF20-641C-4A13-8C0B-7269413773F7} = {CBFF22E3-254E-4C52-B421-D22B44D65D62}
		{18FDB312-9204-451D-86F1-36F0E09178C5} = {CBFF22E3-254E-4C52-B421-D22B44D65D62}
		{05CFC1D3-0502-48C5-9F7A-2DC3C0F35308} = {CBFF22E3-254E-4C52-B421-D22B44D65D62}
		{7EF71E77-CE81-4F2D-91BF-0A28FF07BE1C} = {CBFF22E3-254E-4C52-B421-D22B44D65D62}
		{0D286C95-6234-4ADF-BF38-652F26FED768} = {CBFF22E3-254E-4C52-B421-D22B44D65D62}
		{45308E94-BBBF-4200-A77D-5D7AAA18F635} = {C9F35539-1650-4835-85CD-67303132900D}
		{B17A96B8-4EA4-46EA-B05C-8BEEF71D619F} = {FC397815-A9B1-47BF-969A-9F28C6A4FF75}
		{3F5D5190-8719-491D-9BF0-FA4BBF33BC7F} = {F7C13E5B-3F58-4FE6-AB87-2B45AD24228A}
		{5A603AAF-BF25-4A26-AE9D-14A6F37379A3} = {CBFF22E3-254E-4C52-B421-D22B44D65D62}
		{49E3E690-3A40-47C9-9F19-D8DAF069E750} = {FC397815-A9B1-47BF-969A-9F28C6A4FF75}
		{A2B0C34A-EC4F-4AD7-99C7-43C7C7095800} = {8F07DDCC-ECD9-4F21-B415-931EB940FB52}
		{789363FA-531B-4172-970B-223A4E8B7776} = {1DD6E2FF-A649-462F-83B0-C61A1A7F1397}
	EndGlobalSection
	GlobalSection(ProjectConfigurationPlatforms) = postSolution
		{65E636F0-3276-4F76-BE0D-37BD2E6F72D7}.Debug|Any CPU.ActiveCfg = Debug|Any CPU
		{65E636F0-3276-4F76-BE0D-37BD2E6F72D7}.Debug|Any CPU.Build.0 = Debug|Any CPU
		{65E636F0-3276-4F76-BE0D-37BD2E6F72D7}.Debug|x64.ActiveCfg = Debug|Any CPU
		{65E636F0-3276-4F76-BE0D-37BD2E6F72D7}.Debug|x64.Build.0 = Debug|Any CPU
		{65E636F0-3276-4F76-BE0D-37BD2E6F72D7}.Debug|x86.ActiveCfg = Debug|Any CPU
		{65E636F0-3276-4F76-BE0D-37BD2E6F72D7}.Debug|x86.Build.0 = Debug|Any CPU
		{65E636F0-3276-4F76-BE0D-37BD2E6F72D7}.Release|Any CPU.ActiveCfg = Release|Any CPU
		{65E636F0-3276-4F76-BE0D-37BD2E6F72D7}.Release|Any CPU.Build.0 = Release|Any CPU
		{65E636F0-3276-4F76-BE0D-37BD2E6F72D7}.Release|x64.ActiveCfg = Release|Any CPU
		{65E636F0-3276-4F76-BE0D-37BD2E6F72D7}.Release|x64.Build.0 = Release|Any CPU
		{65E636F0-3276-4F76-BE0D-37BD2E6F72D7}.Release|x86.ActiveCfg = Release|Any CPU
		{65E636F0-3276-4F76-BE0D-37BD2E6F72D7}.Release|x86.Build.0 = Release|Any CPU
		{60BF3FCC-ED33-45E6-8392-9CF3586E7E2A}.Debug|Any CPU.ActiveCfg = Debug|Any CPU
		{60BF3FCC-ED33-45E6-8392-9CF3586E7E2A}.Debug|Any CPU.Build.0 = Debug|Any CPU
		{60BF3FCC-ED33-45E6-8392-9CF3586E7E2A}.Debug|x64.ActiveCfg = Debug|Any CPU
		{60BF3FCC-ED33-45E6-8392-9CF3586E7E2A}.Debug|x64.Build.0 = Debug|Any CPU
		{60BF3FCC-ED33-45E6-8392-9CF3586E7E2A}.Debug|x86.ActiveCfg = Debug|Any CPU
		{60BF3FCC-ED33-45E6-8392-9CF3586E7E2A}.Debug|x86.Build.0 = Debug|Any CPU
		{60BF3FCC-ED33-45E6-8392-9CF3586E7E2A}.Release|Any CPU.ActiveCfg = Release|Any CPU
		{60BF3FCC-ED33-45E6-8392-9CF3586E7E2A}.Release|Any CPU.Build.0 = Release|Any CPU
		{60BF3FCC-ED33-45E6-8392-9CF3586E7E2A}.Release|x64.ActiveCfg = Release|Any CPU
		{60BF3FCC-ED33-45E6-8392-9CF3586E7E2A}.Release|x64.Build.0 = Release|Any CPU
		{60BF3FCC-ED33-45E6-8392-9CF3586E7E2A}.Release|x86.ActiveCfg = Release|Any CPU
		{60BF3FCC-ED33-45E6-8392-9CF3586E7E2A}.Release|x86.Build.0 = Release|Any CPU
		{19D4CBA8-010D-48F1-9655-991DE3768098}.Debug|Any CPU.ActiveCfg = Debug|Any CPU
		{19D4CBA8-010D-48F1-9655-991DE3768098}.Debug|Any CPU.Build.0 = Debug|Any CPU
		{19D4CBA8-010D-48F1-9655-991DE3768098}.Debug|x64.ActiveCfg = Debug|Any CPU
		{19D4CBA8-010D-48F1-9655-991DE3768098}.Debug|x64.Build.0 = Debug|Any CPU
		{19D4CBA8-010D-48F1-9655-991DE3768098}.Debug|x86.ActiveCfg = Debug|Any CPU
		{19D4CBA8-010D-48F1-9655-991DE3768098}.Debug|x86.Build.0 = Debug|Any CPU
		{19D4CBA8-010D-48F1-9655-991DE3768098}.Release|Any CPU.ActiveCfg = Release|Any CPU
		{19D4CBA8-010D-48F1-9655-991DE3768098}.Release|Any CPU.Build.0 = Release|Any CPU
		{19D4CBA8-010D-48F1-9655-991DE3768098}.Release|x64.ActiveCfg = Release|Any CPU
		{19D4CBA8-010D-48F1-9655-991DE3768098}.Release|x64.Build.0 = Release|Any CPU
		{19D4CBA8-010D-48F1-9655-991DE3768098}.Release|x86.ActiveCfg = Release|Any CPU
		{19D4CBA8-010D-48F1-9655-991DE3768098}.Release|x86.Build.0 = Release|Any CPU
		{F44CDDE0-4D34-4E67-86BD-D00DC2982D52}.Debug|Any CPU.ActiveCfg = Debug|Any CPU
		{F44CDDE0-4D34-4E67-86BD-D00DC2982D52}.Debug|Any CPU.Build.0 = Debug|Any CPU
		{F44CDDE0-4D34-4E67-86BD-D00DC2982D52}.Debug|x64.ActiveCfg = Debug|Any CPU
		{F44CDDE0-4D34-4E67-86BD-D00DC2982D52}.Debug|x64.Build.0 = Debug|Any CPU
		{F44CDDE0-4D34-4E67-86BD-D00DC2982D52}.Debug|x86.ActiveCfg = Debug|Any CPU
		{F44CDDE0-4D34-4E67-86BD-D00DC2982D52}.Debug|x86.Build.0 = Debug|Any CPU
		{F44CDDE0-4D34-4E67-86BD-D00DC2982D52}.Release|Any CPU.ActiveCfg = Release|Any CPU
		{F44CDDE0-4D34-4E67-86BD-D00DC2982D52}.Release|Any CPU.Build.0 = Release|Any CPU
		{F44CDDE0-4D34-4E67-86BD-D00DC2982D52}.Release|x64.ActiveCfg = Release|Any CPU
		{F44CDDE0-4D34-4E67-86BD-D00DC2982D52}.Release|x64.Build.0 = Release|Any CPU
		{F44CDDE0-4D34-4E67-86BD-D00DC2982D52}.Release|x86.ActiveCfg = Release|Any CPU
		{F44CDDE0-4D34-4E67-86BD-D00DC2982D52}.Release|x86.Build.0 = Release|Any CPU
		{8DE9FF20-641C-4A13-8C0B-7269413773F7}.Debug|Any CPU.ActiveCfg = Debug|Any CPU
		{8DE9FF20-641C-4A13-8C0B-7269413773F7}.Debug|Any CPU.Build.0 = Debug|Any CPU
		{8DE9FF20-641C-4A13-8C0B-7269413773F7}.Debug|x64.ActiveCfg = Debug|Any CPU
		{8DE9FF20-641C-4A13-8C0B-7269413773F7}.Debug|x64.Build.0 = Debug|Any CPU
		{8DE9FF20-641C-4A13-8C0B-7269413773F7}.Debug|x86.ActiveCfg = Debug|Any CPU
		{8DE9FF20-641C-4A13-8C0B-7269413773F7}.Debug|x86.Build.0 = Debug|Any CPU
		{8DE9FF20-641C-4A13-8C0B-7269413773F7}.Release|Any CPU.ActiveCfg = Release|Any CPU
		{8DE9FF20-641C-4A13-8C0B-7269413773F7}.Release|Any CPU.Build.0 = Release|Any CPU
		{8DE9FF20-641C-4A13-8C0B-7269413773F7}.Release|x64.ActiveCfg = Release|Any CPU
		{8DE9FF20-641C-4A13-8C0B-7269413773F7}.Release|x64.Build.0 = Release|Any CPU
		{8DE9FF20-641C-4A13-8C0B-7269413773F7}.Release|x86.ActiveCfg = Release|Any CPU
		{8DE9FF20-641C-4A13-8C0B-7269413773F7}.Release|x86.Build.0 = Release|Any CPU
		{18FDB312-9204-451D-86F1-36F0E09178C5}.Debug|Any CPU.ActiveCfg = Debug|Any CPU
		{18FDB312-9204-451D-86F1-36F0E09178C5}.Debug|Any CPU.Build.0 = Debug|Any CPU
		{18FDB312-9204-451D-86F1-36F0E09178C5}.Debug|x64.ActiveCfg = Debug|Any CPU
		{18FDB312-9204-451D-86F1-36F0E09178C5}.Debug|x64.Build.0 = Debug|Any CPU
		{18FDB312-9204-451D-86F1-36F0E09178C5}.Debug|x86.ActiveCfg = Debug|Any CPU
		{18FDB312-9204-451D-86F1-36F0E09178C5}.Debug|x86.Build.0 = Debug|Any CPU
		{18FDB312-9204-451D-86F1-36F0E09178C5}.Release|Any CPU.ActiveCfg = Release|Any CPU
		{18FDB312-9204-451D-86F1-36F0E09178C5}.Release|Any CPU.Build.0 = Release|Any CPU
		{18FDB312-9204-451D-86F1-36F0E09178C5}.Release|x64.ActiveCfg = Release|Any CPU
		{18FDB312-9204-451D-86F1-36F0E09178C5}.Release|x64.Build.0 = Release|Any CPU
		{18FDB312-9204-451D-86F1-36F0E09178C5}.Release|x86.ActiveCfg = Release|Any CPU
		{18FDB312-9204-451D-86F1-36F0E09178C5}.Release|x86.Build.0 = Release|Any CPU
		{05CFC1D3-0502-48C5-9F7A-2DC3C0F35308}.Debug|Any CPU.ActiveCfg = Debug|Any CPU
		{05CFC1D3-0502-48C5-9F7A-2DC3C0F35308}.Debug|Any CPU.Build.0 = Debug|Any CPU
		{05CFC1D3-0502-48C5-9F7A-2DC3C0F35308}.Debug|x64.ActiveCfg = Debug|Any CPU
		{05CFC1D3-0502-48C5-9F7A-2DC3C0F35308}.Debug|x64.Build.0 = Debug|Any CPU
		{05CFC1D3-0502-48C5-9F7A-2DC3C0F35308}.Debug|x86.ActiveCfg = Debug|Any CPU
		{05CFC1D3-0502-48C5-9F7A-2DC3C0F35308}.Debug|x86.Build.0 = Debug|Any CPU
		{05CFC1D3-0502-48C5-9F7A-2DC3C0F35308}.Release|Any CPU.ActiveCfg = Release|Any CPU
		{05CFC1D3-0502-48C5-9F7A-2DC3C0F35308}.Release|Any CPU.Build.0 = Release|Any CPU
		{05CFC1D3-0502-48C5-9F7A-2DC3C0F35308}.Release|x64.ActiveCfg = Release|Any CPU
		{05CFC1D3-0502-48C5-9F7A-2DC3C0F35308}.Release|x64.Build.0 = Release|Any CPU
		{05CFC1D3-0502-48C5-9F7A-2DC3C0F35308}.Release|x86.ActiveCfg = Release|Any CPU
		{05CFC1D3-0502-48C5-9F7A-2DC3C0F35308}.Release|x86.Build.0 = Release|Any CPU
		{7EF71E77-CE81-4F2D-91BF-0A28FF07BE1C}.Debug|Any CPU.ActiveCfg = Debug|Any CPU
		{7EF71E77-CE81-4F2D-91BF-0A28FF07BE1C}.Debug|Any CPU.Build.0 = Debug|Any CPU
		{7EF71E77-CE81-4F2D-91BF-0A28FF07BE1C}.Debug|x64.ActiveCfg = Debug|Any CPU
		{7EF71E77-CE81-4F2D-91BF-0A28FF07BE1C}.Debug|x64.Build.0 = Debug|Any CPU
		{7EF71E77-CE81-4F2D-91BF-0A28FF07BE1C}.Debug|x86.ActiveCfg = Debug|Any CPU
		{7EF71E77-CE81-4F2D-91BF-0A28FF07BE1C}.Debug|x86.Build.0 = Debug|Any CPU
		{7EF71E77-CE81-4F2D-91BF-0A28FF07BE1C}.Release|Any CPU.ActiveCfg = Release|Any CPU
		{7EF71E77-CE81-4F2D-91BF-0A28FF07BE1C}.Release|Any CPU.Build.0 = Release|Any CPU
		{7EF71E77-CE81-4F2D-91BF-0A28FF07BE1C}.Release|x64.ActiveCfg = Release|Any CPU
		{7EF71E77-CE81-4F2D-91BF-0A28FF07BE1C}.Release|x64.Build.0 = Release|Any CPU
		{7EF71E77-CE81-4F2D-91BF-0A28FF07BE1C}.Release|x86.ActiveCfg = Release|Any CPU
		{7EF71E77-CE81-4F2D-91BF-0A28FF07BE1C}.Release|x86.Build.0 = Release|Any CPU
		{0D286C95-6234-4ADF-BF38-652F26FED768}.Debug|Any CPU.ActiveCfg = Debug|Any CPU
		{0D286C95-6234-4ADF-BF38-652F26FED768}.Debug|Any CPU.Build.0 = Debug|Any CPU
		{0D286C95-6234-4ADF-BF38-652F26FED768}.Debug|x64.ActiveCfg = Debug|Any CPU
		{0D286C95-6234-4ADF-BF38-652F26FED768}.Debug|x64.Build.0 = Debug|Any CPU
		{0D286C95-6234-4ADF-BF38-652F26FED768}.Debug|x86.ActiveCfg = Debug|Any CPU
		{0D286C95-6234-4ADF-BF38-652F26FED768}.Debug|x86.Build.0 = Debug|Any CPU
		{0D286C95-6234-4ADF-BF38-652F26FED768}.Release|Any CPU.ActiveCfg = Release|Any CPU
		{0D286C95-6234-4ADF-BF38-652F26FED768}.Release|Any CPU.Build.0 = Release|Any CPU
		{0D286C95-6234-4ADF-BF38-652F26FED768}.Release|x64.ActiveCfg = Release|Any CPU
		{0D286C95-6234-4ADF-BF38-652F26FED768}.Release|x64.Build.0 = Release|Any CPU
		{0D286C95-6234-4ADF-BF38-652F26FED768}.Release|x86.ActiveCfg = Release|Any CPU
		{0D286C95-6234-4ADF-BF38-652F26FED768}.Release|x86.Build.0 = Release|Any CPU
		{45308E94-BBBF-4200-A77D-5D7AAA18F635}.Debug|Any CPU.ActiveCfg = Debug|Any CPU
		{45308E94-BBBF-4200-A77D-5D7AAA18F635}.Debug|Any CPU.Build.0 = Debug|Any CPU
		{45308E94-BBBF-4200-A77D-5D7AAA18F635}.Debug|x64.ActiveCfg = Debug|Any CPU
		{45308E94-BBBF-4200-A77D-5D7AAA18F635}.Debug|x64.Build.0 = Debug|Any CPU
		{45308E94-BBBF-4200-A77D-5D7AAA18F635}.Debug|x86.ActiveCfg = Debug|Any CPU
		{45308E94-BBBF-4200-A77D-5D7AAA18F635}.Debug|x86.Build.0 = Debug|Any CPU
		{45308E94-BBBF-4200-A77D-5D7AAA18F635}.Release|Any CPU.ActiveCfg = Release|Any CPU
		{45308E94-BBBF-4200-A77D-5D7AAA18F635}.Release|Any CPU.Build.0 = Release|Any CPU
		{45308E94-BBBF-4200-A77D-5D7AAA18F635}.Release|x64.ActiveCfg = Release|Any CPU
		{45308E94-BBBF-4200-A77D-5D7AAA18F635}.Release|x64.Build.0 = Release|Any CPU
		{45308E94-BBBF-4200-A77D-5D7AAA18F635}.Release|x86.ActiveCfg = Release|Any CPU
		{45308E94-BBBF-4200-A77D-5D7AAA18F635}.Release|x86.Build.0 = Release|Any CPU
		{B17A96B8-4EA4-46EA-B05C-8BEEF71D619F}.Debug|Any CPU.ActiveCfg = Debug|Any CPU
		{B17A96B8-4EA4-46EA-B05C-8BEEF71D619F}.Debug|Any CPU.Build.0 = Debug|Any CPU
		{B17A96B8-4EA4-46EA-B05C-8BEEF71D619F}.Debug|x64.ActiveCfg = Debug|Any CPU
		{B17A96B8-4EA4-46EA-B05C-8BEEF71D619F}.Debug|x64.Build.0 = Debug|Any CPU
		{B17A96B8-4EA4-46EA-B05C-8BEEF71D619F}.Debug|x86.ActiveCfg = Debug|Any CPU
		{B17A96B8-4EA4-46EA-B05C-8BEEF71D619F}.Debug|x86.Build.0 = Debug|Any CPU
		{B17A96B8-4EA4-46EA-B05C-8BEEF71D619F}.Release|Any CPU.ActiveCfg = Release|Any CPU
		{B17A96B8-4EA4-46EA-B05C-8BEEF71D619F}.Release|Any CPU.Build.0 = Release|Any CPU
		{B17A96B8-4EA4-46EA-B05C-8BEEF71D619F}.Release|x64.ActiveCfg = Release|Any CPU
		{B17A96B8-4EA4-46EA-B05C-8BEEF71D619F}.Release|x64.Build.0 = Release|Any CPU
		{B17A96B8-4EA4-46EA-B05C-8BEEF71D619F}.Release|x86.ActiveCfg = Release|Any CPU
		{B17A96B8-4EA4-46EA-B05C-8BEEF71D619F}.Release|x86.Build.0 = Release|Any CPU
		{3F5D5190-8719-491D-9BF0-FA4BBF33BC7F}.Debug|Any CPU.ActiveCfg = Debug|Any CPU
		{3F5D5190-8719-491D-9BF0-FA4BBF33BC7F}.Debug|Any CPU.Build.0 = Debug|Any CPU
		{3F5D5190-8719-491D-9BF0-FA4BBF33BC7F}.Debug|x64.ActiveCfg = Debug|Any CPU
		{3F5D5190-8719-491D-9BF0-FA4BBF33BC7F}.Debug|x64.Build.0 = Debug|Any CPU
		{3F5D5190-8719-491D-9BF0-FA4BBF33BC7F}.Debug|x86.ActiveCfg = Debug|Any CPU
		{3F5D5190-8719-491D-9BF0-FA4BBF33BC7F}.Debug|x86.Build.0 = Debug|Any CPU
		{3F5D5190-8719-491D-9BF0-FA4BBF33BC7F}.Release|Any CPU.ActiveCfg = Release|Any CPU
		{3F5D5190-8719-491D-9BF0-FA4BBF33BC7F}.Release|Any CPU.Build.0 = Release|Any CPU
		{3F5D5190-8719-491D-9BF0-FA4BBF33BC7F}.Release|x64.ActiveCfg = Release|Any CPU
		{3F5D5190-8719-491D-9BF0-FA4BBF33BC7F}.Release|x64.Build.0 = Release|Any CPU
		{3F5D5190-8719-491D-9BF0-FA4BBF33BC7F}.Release|x86.ActiveCfg = Release|Any CPU
		{3F5D5190-8719-491D-9BF0-FA4BBF33BC7F}.Release|x86.Build.0 = Release|Any CPU
		{5A603AAF-BF25-4A26-AE9D-14A6F37379A3}.Debug|Any CPU.ActiveCfg = Debug|Any CPU
		{5A603AAF-BF25-4A26-AE9D-14A6F37379A3}.Debug|Any CPU.Build.0 = Debug|Any CPU
		{5A603AAF-BF25-4A26-AE9D-14A6F37379A3}.Debug|x64.ActiveCfg = Debug|Any CPU
		{5A603AAF-BF25-4A26-AE9D-14A6F37379A3}.Debug|x64.Build.0 = Debug|Any CPU
		{5A603AAF-BF25-4A26-AE9D-14A6F37379A3}.Debug|x86.ActiveCfg = Debug|Any CPU
		{5A603AAF-BF25-4A26-AE9D-14A6F37379A3}.Debug|x86.Build.0 = Debug|Any CPU
		{5A603AAF-BF25-4A26-AE9D-14A6F37379A3}.Release|Any CPU.ActiveCfg = Release|Any CPU
		{5A603AAF-BF25-4A26-AE9D-14A6F37379A3}.Release|Any CPU.Build.0 = Release|Any CPU
		{5A603AAF-BF25-4A26-AE9D-14A6F37379A3}.Release|x64.ActiveCfg = Release|Any CPU
		{5A603AAF-BF25-4A26-AE9D-14A6F37379A3}.Release|x64.Build.0 = Release|Any CPU
		{5A603AAF-BF25-4A26-AE9D-14A6F37379A3}.Release|x86.ActiveCfg = Release|Any CPU
		{5A603AAF-BF25-4A26-AE9D-14A6F37379A3}.Release|x86.Build.0 = Release|Any CPU
		{49E3E690-3A40-47C9-9F19-D8DAF069E750}.Debug|Any CPU.ActiveCfg = Debug|Any CPU
		{49E3E690-3A40-47C9-9F19-D8DAF069E750}.Debug|Any CPU.Build.0 = Debug|Any CPU
		{49E3E690-3A40-47C9-9F19-D8DAF069E750}.Debug|x64.ActiveCfg = Debug|Any CPU
		{49E3E690-3A40-47C9-9F19-D8DAF069E750}.Debug|x64.Build.0 = Debug|Any CPU
		{49E3E690-3A40-47C9-9F19-D8DAF069E750}.Debug|x86.ActiveCfg = Debug|Any CPU
		{49E3E690-3A40-47C9-9F19-D8DAF069E750}.Debug|x86.Build.0 = Debug|Any CPU
		{49E3E690-3A40-47C9-9F19-D8DAF069E750}.Release|Any CPU.ActiveCfg = Release|Any CPU
		{49E3E690-3A40-47C9-9F19-D8DAF069E750}.Release|Any CPU.Build.0 = Release|Any CPU
		{49E3E690-3A40-47C9-9F19-D8DAF069E750}.Release|x64.ActiveCfg = Release|Any CPU
		{49E3E690-3A40-47C9-9F19-D8DAF069E750}.Release|x64.Build.0 = Release|Any CPU
		{49E3E690-3A40-47C9-9F19-D8DAF069E750}.Release|x86.ActiveCfg = Release|Any CPU
		{49E3E690-3A40-47C9-9F19-D8DAF069E750}.Release|x86.Build.0 = Release|Any CPU
		{A2B0C34A-EC4F-4AD7-99C7-43C7C7095800}.Debug|Any CPU.ActiveCfg = Debug|Any CPU
		{A2B0C34A-EC4F-4AD7-99C7-43C7C7095800}.Debug|Any CPU.Build.0 = Debug|Any CPU
		{A2B0C34A-EC4F-4AD7-99C7-43C7C7095800}.Debug|x64.ActiveCfg = Debug|Any CPU
		{A2B0C34A-EC4F-4AD7-99C7-43C7C7095800}.Debug|x64.Build.0 = Debug|Any CPU
		{A2B0C34A-EC4F-4AD7-99C7-43C7C7095800}.Debug|x86.ActiveCfg = Debug|Any CPU
		{A2B0C34A-EC4F-4AD7-99C7-43C7C7095800}.Debug|x86.Build.0 = Debug|Any CPU
		{A2B0C34A-EC4F-4AD7-99C7-43C7C7095800}.Release|Any CPU.ActiveCfg = Release|Any CPU
		{A2B0C34A-EC4F-4AD7-99C7-43C7C7095800}.Release|Any CPU.Build.0 = Release|Any CPU
		{A2B0C34A-EC4F-4AD7-99C7-43C7C7095800}.Release|x64.ActiveCfg = Release|Any CPU
		{A2B0C34A-EC4F-4AD7-99C7-43C7C7095800}.Release|x64.Build.0 = Release|Any CPU
		{A2B0C34A-EC4F-4AD7-99C7-43C7C7095800}.Release|x86.ActiveCfg = Release|Any CPU
		{A2B0C34A-EC4F-4AD7-99C7-43C7C7095800}.Release|x86.Build.0 = Release|Any CPU
		{789363FA-531B-4172-970B-223A4E8B7776}.Debug|Any CPU.ActiveCfg = Debug|Any CPU
		{789363FA-531B-4172-970B-223A4E8B7776}.Debug|Any CPU.Build.0 = Debug|Any CPU
		{789363FA-531B-4172-970B-223A4E8B7776}.Debug|x64.ActiveCfg = Debug|Any CPU
		{789363FA-531B-4172-970B-223A4E8B7776}.Debug|x64.Build.0 = Debug|Any CPU
		{789363FA-531B-4172-970B-223A4E8B7776}.Debug|x86.ActiveCfg = Debug|Any CPU
		{789363FA-531B-4172-970B-223A4E8B7776}.Debug|x86.Build.0 = Debug|Any CPU
		{789363FA-531B-4172-970B-223A4E8B7776}.Release|Any CPU.ActiveCfg = Release|Any CPU
		{789363FA-531B-4172-970B-223A4E8B7776}.Release|Any CPU.Build.0 = Release|Any CPU
		{789363FA-531B-4172-970B-223A4E8B7776}.Release|x64.ActiveCfg = Release|Any CPU
		{789363FA-531B-4172-970B-223A4E8B7776}.Release|x64.Build.0 = Release|Any CPU
		{789363FA-531B-4172-970B-223A4E8B7776}.Release|x86.ActiveCfg = Release|Any CPU
		{789363FA-531B-4172-970B-223A4E8B7776}.Release|x86.Build.0 = Release|Any CPU
	EndGlobalSection
EndGlobal
