
Microsoft Visual Studio Solution File, Format Version 12.00
# Visual Studio 15
VisualStudioVersion = 15.0.26124.0
MinimumVisualStudioVersion = 15.0.26124.0
Project("{FAE04EC0-301F-11D3-BF4B-00C04F79EFBC}") = "App", "App\App.csproj", "{A1B633EA-6D63-443C-996A-522A0A62228C}"
EndProject
Project("{FAE04EC0-301F-11D3-BF4B-00C04F79EFBC}") = "Core", "Core\Core.csproj", "{0D25CEDF-91E5-4F6B-8C86-A733EB71A867}"
EndProject
Global
	GlobalSection(SolutionConfigurationPlatforms) = preSolution
		Debug|Any CPU = Debug|Any CPU
		Debug|x64 = Debug|x64
		Debug|x86 = Debug|x86
		Release|Any CPU = Release|Any CPU
		Release|x64 = Release|x64
		Release|x86 = Release|x86
	EndGlobalSection
	GlobalSection(SolutionProperties) = preSolution
		HideSolutionNode = FALSE
	EndGlobalSection
	GlobalSection(ProjectConfigurationPlatforms) = postSolution
		{A1B633EA-6D63-443C-996A-522A0A62228C}.Debug|Any CPU.ActiveCfg = Debug|Any CPU
		{A1B633EA-6D63-443C-996A-522A0A62228C}.Debug|Any CPU.Build.0 = Debug|Any CPU
		{A1B633EA-6D63-443C-996A-522A0A62228C}.Debug|x64.ActiveCfg = Debug|Any CPU
		{A1B633EA-6D63-443C-996A-522A0A62228C}.Debug|x64.Build.0 = Debug|Any CPU
		{A1B633EA-6D63-443C-996A-522A0A62228C}.Debug|x86.ActiveCfg = Debug|Any CPU
		{A1B633EA-6D63-443C-996A-522A0A62228C}.Debug|x86.Build.0 = Debug|Any CPU
		{A1B633EA-6D63-443C-996A-522A0A62228C}.Release|Any CPU.ActiveCfg = Release|Any CPU
		{A1B633EA-6D63-443C-996A-522A0A62228C}.Release|Any CPU.Build.0 = Release|Any CPU
		{A1B633EA-6D63-443C-996A-522A0A62228C}.Release|x64.ActiveCfg = Release|Any CPU
		{A1B633EA-6D63-443C-996A-522A0A62228C}.Release|x64.Build.0 = Release|Any CPU
		{A1B633EA-6D63-443C-996A-522A0A62228C}.Release|x86.ActiveCfg = Release|Any CPU
		{A1B633EA-6D63-443C-996A-522A0A62228C}.Release|x86.Build.0 = Release|Any CPU
		{0D25CEDF-91E5-4F6B-8C86-A733EB71A867}.Debug|Any CPU.ActiveCfg = Debug|Any CPU
		{0D25CEDF-91E5-4F6B-8C86-A733EB71A867}.Debug|Any CPU.Build.0 = Debug|Any CPU
		{0D25CEDF-91E5-4F6B-8C86-A733EB71A867}.Debug|x64.ActiveCfg = Debug|Any CPU
		{0D25CEDF-91E5-4F6B-8C86-A733EB71A867}.Debug|x64.Build.0 = Debug|Any CPU
		{0D25CEDF-91E5-4F6B-8C86-A733EB71A867}.Debug|x86.ActiveCfg = Debug|Any CPU
		{0D25CEDF-91E5-4F6B-8C86-A733EB71A867}.Debug|x86.Build.0 = Debug|Any CPU
		{0D25CEDF-91E5-4F6B-8C86-A733EB71A867}.Release|Any CPU.ActiveCfg = Release|Any CPU
		{0D25CEDF-91E5-4F6B-8C86-A733EB71A867}.Release|Any CPU.Build.0 = Release|Any CPU
		{0D25CEDF-91E5-4F6B-8C86-A733EB71A867}.Release|x64.ActiveCfg = Release|Any CPU
		{0D25CEDF-91E5-4F6B-8C86-A733EB71A867}.Release|x64.Build.0 = Release|Any CPU
		{0D25CEDF-91E5-4F6B-8C86-A733EB71A867}.Release|x86.ActiveCfg = Release|Any CPU
		{0D25CEDF-91E5-4F6B-8C86-A733EB71A867}.Release|x86.Build.0 = Release|Any CPU
	EndGlobalSection
EndGlobal
