
Microsoft Visual Studio Solution File, Format Version 12.00
# Visual Studio 15
VisualStudioVersion = 15.0.26124.0
MinimumVisualStudioVersion = 15.0.26124.0
Project("{FAE04EC0-301F-11D3-BF4B-00C04F79EFBC}") = "Server.App", "App\Server.App.csproj", "{EEC99BF6-1669-4349-BE47-3331D790E4DA}"
EndProject
Project("{FAE04EC0-301F-11D3-BF4B-00C04F79EFBC}") = "Server.Message", "Message\Server.Message.csproj", "{7ECC69F9-4B47-42B8-AD92-F75B5872FC45}"
EndProject
Project("{FAE04EC0-301F-11D3-BF4B-00C04F79EFBC}") = "Server.Module", "Module\Server.Module.csproj", "{A7B9202C-B8D0-432B-8731-474FA8D6A96D}"
EndProject
Project("{2150E333-8FDC-42A3-9474-1A3956D46DE8}") = "Shared", "Shared", "{8FD3F875-9E81-4934-AD5B-42F2622C9E98}"
EndProject
Project("{FAE04EC0-301F-11D3-BF4B-00C04F79EFBC}") = "Shared.CFGData", "..\Shared\CFGData\Shared.CFGData.csproj", "{A5FCB692-E24D-42DB-8DB4-686748D40AD3}"
EndProject
Project("{FAE04EC0-301F-11D3-BF4B-00C04F79EFBC}") = "Shared.EnumData", "..\Shared\EnumData\Shared.EnumData.csproj", "{4C11B76A-FF35-4F36-A590-D0A85DFDD1B0}"
EndProject
Project("{FAE04EC0-301F-11D3-BF4B-00C04F79EFBC}") = "Shared.Frame", "..\Shared\Frame\Shared.Frame.csproj", "{0EB267CA-FA14-40AE-ACFA-62615F02AC4B}"
EndProject
Project("{FAE04EC0-301F-11D3-BF4B-00C04F79EFBC}") = "Shared.Helper", "..\Shared\Helper\Shared.Helper.csproj", "{ACEB6B4E-DDA7-490B-AC22-E559B58A1C89}"
EndProject
Project("{FAE04EC0-301F-11D3-BF4B-00C04F79EFBC}") = "Shared.Log", "..\Shared\Log\Shared.Log.csproj", "{51A5248B-D1AA-4D42-B62A-5A2B90A481A6}"
EndProject
Project("{FAE04EC0-301F-11D3-BF4B-00C04F79EFBC}") = "Shared.Utils", "..\Shared\Utils\Shared.Utils.csproj", "{0423ACCC-0D31-4CA9-A77D-396005A3803E}"
EndProject
Project("{2150E333-8FDC-42A3-9474-1A3956D46DE8}") = "ThirdParty", "ThirdParty", "{4EEDA9B3-F939-4625-ABCB-410E1AC57941}"
EndProject
Project("{FAE04EC0-301F-11D3-BF4B-00C04F79EFBC}") = "Google.Protobuf", "..\ThirdParty\Google.Protobuf\Google.Protobuf.csproj", "{330710FA-6D6E-46B5-B825-09842B9919AF}"
EndProject
Project("{2150E333-8FDC-42A3-9474-1A3956D46DE8}") = "Protocol", "Protocol", "{FE916309-704A-4AA0-B117-6174C0CF92A3}"
EndProject
Project("{FAE04EC0-301F-11D3-BF4B-00C04F79EFBC}") = "MessageBuilder", "..\Protocol\MessageBuilder\MessageBuilder.csproj", "{67ADE8A1-2126-4267-A301-C94F1639EBA4}"
EndProject
Global
	GlobalSection(SolutionConfigurationPlatforms) = preSolution
		Debug|Any CPU = Debug|Any CPU
		Debug|x64 = Debug|x64
		Debug|x86 = Debug|x86
		Release|Any CPU = Release|Any CPU
		Release|x64 = Release|x64
		Release|x86 = Release|x86
	EndGlobalSection
	GlobalSection(SolutionProperties) = preSolution
		HideSolutionNode = FALSE
	EndGlobalSection
	GlobalSection(ProjectConfigurationPlatforms) = postSolution
		{EEC99BF6-1669-4349-BE47-3331D790E4DA}.Debug|Any CPU.ActiveCfg = Debug|Any CPU
		{EEC99BF6-1669-4349-BE47-3331D790E4DA}.Debug|Any CPU.Build.0 = Debug|Any CPU
		{EEC99BF6-1669-4349-BE47-3331D790E4DA}.Debug|x64.ActiveCfg = Debug|Any CPU
		{EEC99BF6-1669-4349-BE47-3331D790E4DA}.Debug|x64.Build.0 = Debug|Any CPU
		{EEC99BF6-1669-4349-BE47-3331D790E4DA}.Debug|x86.ActiveCfg = Debug|Any CPU
		{EEC99BF6-1669-4349-BE47-3331D790E4DA}.Debug|x86.Build.0 = Debug|Any CPU
		{EEC99BF6-1669-4349-BE47-3331D790E4DA}.Release|Any CPU.ActiveCfg = Release|Any CPU
		{EEC99BF6-1669-4349-BE47-3331D790E4DA}.Release|Any CPU.Build.0 = Release|Any CPU
		{EEC99BF6-1669-4349-BE47-3331D790E4DA}.Release|x64.ActiveCfg = Release|Any CPU
		{EEC99BF6-1669-4349-BE47-3331D790E4DA}.Release|x64.Build.0 = Release|Any CPU
		{EEC99BF6-1669-4349-BE47-3331D790E4DA}.Release|x86.ActiveCfg = Release|Any CPU
		{EEC99BF6-1669-4349-BE47-3331D790E4DA}.Release|x86.Build.0 = Release|Any CPU
		{7ECC69F9-4B47-42B8-AD92-F75B5872FC45}.Debug|Any CPU.ActiveCfg = Debug|Any CPU
		{7ECC69F9-4B47-42B8-AD92-F75B5872FC45}.Debug|Any CPU.Build.0 = Debug|Any CPU
		{7ECC69F9-4B47-42B8-AD92-F75B5872FC45}.Debug|x64.ActiveCfg = Debug|Any CPU
		{7ECC69F9-4B47-42B8-AD92-F75B5872FC45}.Debug|x64.Build.0 = Debug|Any CPU
		{7ECC69F9-4B47-42B8-AD92-F75B5872FC45}.Debug|x86.ActiveCfg = Debug|Any CPU
		{7ECC69F9-4B47-42B8-AD92-F75B5872FC45}.Debug|x86.Build.0 = Debug|Any CPU
		{7ECC69F9-4B47-42B8-AD92-F75B5872FC45}.Release|Any CPU.ActiveCfg = Release|Any CPU
		{7ECC69F9-4B47-42B8-AD92-F75B5872FC45}.Release|Any CPU.Build.0 = Release|Any CPU
		{7ECC69F9-4B47-42B8-AD92-F75B5872FC45}.Release|x64.ActiveCfg = Release|Any CPU
		{7ECC69F9-4B47-42B8-AD92-F75B5872FC45}.Release|x64.Build.0 = Release|Any CPU
		{7ECC69F9-4B47-42B8-AD92-F75B5872FC45}.Release|x86.ActiveCfg = Release|Any CPU
		{7ECC69F9-4B47-42B8-AD92-F75B5872FC45}.Release|x86.Build.0 = Release|Any CPU
		{A7B9202C-B8D0-432B-8731-474FA8D6A96D}.Debug|Any CPU.ActiveCfg = Debug|Any CPU
		{A7B9202C-B8D0-432B-8731-474FA8D6A96D}.Debug|Any CPU.Build.0 = Debug|Any CPU
		{A7B9202C-B8D0-432B-8731-474FA8D6A96D}.Debug|x64.ActiveCfg = Debug|Any CPU
		{A7B9202C-B8D0-432B-8731-474FA8D6A96D}.Debug|x64.Build.0 = Debug|Any CPU
		{A7B9202C-B8D0-432B-8731-474FA8D6A96D}.Debug|x86.ActiveCfg = Debug|Any CPU
		{A7B9202C-B8D0-432B-8731-474FA8D6A96D}.Debug|x86.Build.0 = Debug|Any CPU
		{A7B9202C-B8D0-432B-8731-474FA8D6A96D}.Release|Any CPU.ActiveCfg = Release|Any CPU
		{A7B9202C-B8D0-432B-8731-474FA8D6A96D}.Release|Any CPU.Build.0 = Release|Any CPU
		{A7B9202C-B8D0-432B-8731-474FA8D6A96D}.Release|x64.ActiveCfg = Release|Any CPU
		{A7B9202C-B8D0-432B-8731-474FA8D6A96D}.Release|x64.Build.0 = Release|Any CPU
		{A7B9202C-B8D0-432B-8731-474FA8D6A96D}.Release|x86.ActiveCfg = Release|Any CPU
		{A7B9202C-B8D0-432B-8731-474FA8D6A96D}.Release|x86.Build.0 = Release|Any CPU
		{A5FCB692-E24D-42DB-8DB4-686748D40AD3}.Debug|Any CPU.ActiveCfg = Debug|Any CPU
		{A5FCB692-E24D-42DB-8DB4-686748D40AD3}.Debug|Any CPU.Build.0 = Debug|Any CPU
		{A5FCB692-E24D-42DB-8DB4-686748D40AD3}.Debug|x64.ActiveCfg = Debug|Any CPU
		{A5FCB692-E24D-42DB-8DB4-686748D40AD3}.Debug|x64.Build.0 = Debug|Any CPU
		{A5FCB692-E24D-42DB-8DB4-686748D40AD3}.Debug|x86.ActiveCfg = Debug|Any CPU
		{A5FCB692-E24D-42DB-8DB4-686748D40AD3}.Debug|x86.Build.0 = Debug|Any CPU
		{A5FCB692-E24D-42DB-8DB4-686748D40AD3}.Release|Any CPU.ActiveCfg = Release|Any CPU
		{A5FCB692-E24D-42DB-8DB4-686748D40AD3}.Release|Any CPU.Build.0 = Release|Any CPU
		{A5FCB692-E24D-42DB-8DB4-686748D40AD3}.Release|x64.ActiveCfg = Release|Any CPU
		{A5FCB692-E24D-42DB-8DB4-686748D40AD3}.Release|x64.Build.0 = Release|Any CPU
		{A5FCB692-E24D-42DB-8DB4-686748D40AD3}.Release|x86.ActiveCfg = Release|Any CPU
		{A5FCB692-E24D-42DB-8DB4-686748D40AD3}.Release|x86.Build.0 = Release|Any CPU
		{4C11B76A-FF35-4F36-A590-D0A85DFDD1B0}.Debug|Any CPU.ActiveCfg = Debug|Any CPU
		{4C11B76A-FF35-4F36-A590-D0A85DFDD1B0}.Debug|Any CPU.Build.0 = Debug|Any CPU
		{4C11B76A-FF35-4F36-A590-D0A85DFDD1B0}.Debug|x64.ActiveCfg = Debug|Any CPU
		{4C11B76A-FF35-4F36-A590-D0A85DFDD1B0}.Debug|x64.Build.0 = Debug|Any CPU
		{4C11B76A-FF35-4F36-A590-D0A85DFDD1B0}.Debug|x86.ActiveCfg = Debug|Any CPU
		{4C11B76A-FF35-4F36-A590-D0A85DFDD1B0}.Debug|x86.Build.0 = Debug|Any CPU
		{4C11B76A-FF35-4F36-A590-D0A85DFDD1B0}.Release|Any CPU.ActiveCfg = Release|Any CPU
		{4C11B76A-FF35-4F36-A590-D0A85DFDD1B0}.Release|Any CPU.Build.0 = Release|Any CPU
		{4C11B76A-FF35-4F36-A590-D0A85DFDD1B0}.Release|x64.ActiveCfg = Release|Any CPU
		{4C11B76A-FF35-4F36-A590-D0A85DFDD1B0}.Release|x64.Build.0 = Release|Any CPU
		{4C11B76A-FF35-4F36-A590-D0A85DFDD1B0}.Release|x86.ActiveCfg = Release|Any CPU
		{4C11B76A-FF35-4F36-A590-D0A85DFDD1B0}.Release|x86.Build.0 = Release|Any CPU
		{0EB267CA-FA14-40AE-ACFA-62615F02AC4B}.Debug|Any CPU.ActiveCfg = Debug|Any CPU
		{0EB267CA-FA14-40AE-ACFA-62615F02AC4B}.Debug|Any CPU.Build.0 = Debug|Any CPU
		{0EB267CA-FA14-40AE-ACFA-62615F02AC4B}.Debug|x64.ActiveCfg = Debug|Any CPU
		{0EB267CA-FA14-40AE-ACFA-62615F02AC4B}.Debug|x64.Build.0 = Debug|Any CPU
		{0EB267CA-FA14-40AE-ACFA-62615F02AC4B}.Debug|x86.ActiveCfg = Debug|Any CPU
		{0EB267CA-FA14-40AE-ACFA-62615F02AC4B}.Debug|x86.Build.0 = Debug|Any CPU
		{0EB267CA-FA14-40AE-ACFA-62615F02AC4B}.Release|Any CPU.ActiveCfg = Release|Any CPU
		{0EB267CA-FA14-40AE-ACFA-62615F02AC4B}.Release|Any CPU.Build.0 = Release|Any CPU
		{0EB267CA-FA14-40AE-ACFA-62615F02AC4B}.Release|x64.ActiveCfg = Release|Any CPU
		{0EB267CA-FA14-40AE-ACFA-62615F02AC4B}.Release|x64.Build.0 = Release|Any CPU
		{0EB267CA-FA14-40AE-ACFA-62615F02AC4B}.Release|x86.ActiveCfg = Release|Any CPU
		{0EB267CA-FA14-40AE-ACFA-62615F02AC4B}.Release|x86.Build.0 = Release|Any CPU
		{ACEB6B4E-DDA7-490B-AC22-E559B58A1C89}.Debug|Any CPU.ActiveCfg = Debug|Any CPU
		{ACEB6B4E-DDA7-490B-AC22-E559B58A1C89}.Debug|Any CPU.Build.0 = Debug|Any CPU
		{ACEB6B4E-DDA7-490B-AC22-E559B58A1C89}.Debug|x64.ActiveCfg = Debug|Any CPU
		{ACEB6B4E-DDA7-490B-AC22-E559B58A1C89}.Debug|x64.Build.0 = Debug|Any CPU
		{ACEB6B4E-DDA7-490B-AC22-E559B58A1C89}.Debug|x86.ActiveCfg = Debug|Any CPU
		{ACEB6B4E-DDA7-490B-AC22-E559B58A1C89}.Debug|x86.Build.0 = Debug|Any CPU
		{ACEB6B4E-DDA7-490B-AC22-E559B58A1C89}.Release|Any CPU.ActiveCfg = Release|Any CPU
		{ACEB6B4E-DDA7-490B-AC22-E559B58A1C89}.Release|Any CPU.Build.0 = Release|Any CPU
		{ACEB6B4E-DDA7-490B-AC22-E559B58A1C89}.Release|x64.ActiveCfg = Release|Any CPU
		{ACEB6B4E-DDA7-490B-AC22-E559B58A1C89}.Release|x64.Build.0 = Release|Any CPU
		{ACEB6B4E-DDA7-490B-AC22-E559B58A1C89}.Release|x86.ActiveCfg = Release|Any CPU
		{ACEB6B4E-DDA7-490B-AC22-E559B58A1C89}.Release|x86.Build.0 = Release|Any CPU
		{51A5248B-D1AA-4D42-B62A-5A2B90A481A6}.Debug|Any CPU.ActiveCfg = Debug|Any CPU
		{51A5248B-D1AA-4D42-B62A-5A2B90A481A6}.Debug|Any CPU.Build.0 = Debug|Any CPU
		{51A5248B-D1AA-4D42-B62A-5A2B90A481A6}.Debug|x64.ActiveCfg = Debug|Any CPU
		{51A5248B-D1AA-4D42-B62A-5A2B90A481A6}.Debug|x64.Build.0 = Debug|Any CPU
		{51A5248B-D1AA-4D42-B62A-5A2B90A481A6}.Debug|x86.ActiveCfg = Debug|Any CPU
		{51A5248B-D1AA-4D42-B62A-5A2B90A481A6}.Debug|x86.Build.0 = Debug|Any CPU
		{51A5248B-D1AA-4D42-B62A-5A2B90A481A6}.Release|Any CPU.ActiveCfg = Release|Any CPU
		{51A5248B-D1AA-4D42-B62A-5A2B90A481A6}.Release|Any CPU.Build.0 = Release|Any CPU
		{51A5248B-D1AA-4D42-B62A-5A2B90A481A6}.Release|x64.ActiveCfg = Release|Any CPU
		{51A5248B-D1AA-4D42-B62A-5A2B90A481A6}.Release|x64.Build.0 = Release|Any CPU
		{51A5248B-D1AA-4D42-B62A-5A2B90A481A6}.Release|x86.ActiveCfg = Release|Any CPU
		{51A5248B-D1AA-4D42-B62A-5A2B90A481A6}.Release|x86.Build.0 = Release|Any CPU
		{0423ACCC-0D31-4CA9-A77D-396005A3803E}.Debug|Any CPU.ActiveCfg = Debug|Any CPU
		{0423ACCC-0D31-4CA9-A77D-396005A3803E}.Debug|Any CPU.Build.0 = Debug|Any CPU
		{0423ACCC-0D31-4CA9-A77D-396005A3803E}.Debug|x64.ActiveCfg = Debug|Any CPU
		{0423ACCC-0D31-4CA9-A77D-396005A3803E}.Debug|x64.Build.0 = Debug|Any CPU
		{0423ACCC-0D31-4CA9-A77D-396005A3803E}.Debug|x86.ActiveCfg = Debug|Any CPU
		{0423ACCC-0D31-4CA9-A77D-396005A3803E}.Debug|x86.Build.0 = Debug|Any CPU
		{0423ACCC-0D31-4CA9-A77D-396005A3803E}.Release|Any CPU.ActiveCfg = Release|Any CPU
		{0423ACCC-0D31-4CA9-A77D-396005A3803E}.Release|Any CPU.Build.0 = Release|Any CPU
		{0423ACCC-0D31-4CA9-A77D-396005A3803E}.Release|x64.ActiveCfg = Release|Any CPU
		{0423ACCC-0D31-4CA9-A77D-396005A3803E}.Release|x64.Build.0 = Release|Any CPU
		{0423ACCC-0D31-4CA9-A77D-396005A3803E}.Release|x86.ActiveCfg = Release|Any CPU
		{0423ACCC-0D31-4CA9-A77D-396005A3803E}.Release|x86.Build.0 = Release|Any CPU
		{330710FA-6D6E-46B5-B825-09842B9919AF}.Debug|Any CPU.ActiveCfg = Debug|Any CPU
		{330710FA-6D6E-46B5-B825-09842B9919AF}.Debug|Any CPU.Build.0 = Debug|Any CPU
		{330710FA-6D6E-46B5-B825-09842B9919AF}.Debug|x64.ActiveCfg = Debug|Any CPU
		{330710FA-6D6E-46B5-B825-09842B9919AF}.Debug|x64.Build.0 = Debug|Any CPU
		{330710FA-6D6E-46B5-B825-09842B9919AF}.Debug|x86.ActiveCfg = Debug|Any CPU
		{330710FA-6D6E-46B5-B825-09842B9919AF}.Debug|x86.Build.0 = Debug|Any CPU
		{330710FA-6D6E-46B5-B825-09842B9919AF}.Release|Any CPU.ActiveCfg = Release|Any CPU
		{330710FA-6D6E-46B5-B825-09842B9919AF}.Release|Any CPU.Build.0 = Release|Any CPU
		{330710FA-6D6E-46B5-B825-09842B9919AF}.Release|x64.ActiveCfg = Release|Any CPU
		{330710FA-6D6E-46B5-B825-09842B9919AF}.Release|x64.Build.0 = Release|Any CPU
		{330710FA-6D6E-46B5-B825-09842B9919AF}.Release|x86.ActiveCfg = Release|Any CPU
		{330710FA-6D6E-46B5-B825-09842B9919AF}.Release|x86.Build.0 = Release|Any CPU
		{67ADE8A1-2126-4267-A301-C94F1639EBA4}.Debug|Any CPU.ActiveCfg = Debug|Any CPU
		{67ADE8A1-2126-4267-A301-C94F1639EBA4}.Debug|Any CPU.Build.0 = Debug|Any CPU
		{67ADE8A1-2126-4267-A301-C94F1639EBA4}.Debug|x64.ActiveCfg = Debug|Any CPU
		{67ADE8A1-2126-4267-A301-C94F1639EBA4}.Debug|x64.Build.0 = Debug|Any CPU
		{67ADE8A1-2126-4267-A301-C94F1639EBA4}.Debug|x86.ActiveCfg = Debug|Any CPU
		{67ADE8A1-2126-4267-A301-C94F1639EBA4}.Debug|x86.Build.0 = Debug|Any CPU
		{67ADE8A1-2126-4267-A301-C94F1639EBA4}.Release|Any CPU.ActiveCfg = Release|Any CPU
		{67ADE8A1-2126-4267-A301-C94F1639EBA4}.Release|Any CPU.Build.0 = Release|Any CPU
		{67ADE8A1-2126-4267-A301-C94F1639EBA4}.Release|x64.ActiveCfg = Release|Any CPU
		{67ADE8A1-2126-4267-A301-C94F1639EBA4}.Release|x64.Build.0 = Release|Any CPU
		{67ADE8A1-2126-4267-A301-C94F1639EBA4}.Release|x86.ActiveCfg = Release|Any CPU
		{67ADE8A1-2126-4267-A301-C94F1639EBA4}.Release|x86.Build.0 = Release|Any CPU
	EndGlobalSection
	GlobalSection(NestedProjects) = preSolution
		{A5FCB692-E24D-42DB-8DB4-686748D40AD3} = {8FD3F875-9E81-4934-AD5B-42F2622C9E98}
		{4C11B76A-FF35-4F36-A590-D0A85DFDD1B0} = {8FD3F875-9E81-4934-AD5B-42F2622C9E98}
		{0EB267CA-FA14-40AE-ACFA-62615F02AC4B} = {8FD3F875-9E81-4934-AD5B-42F2622C9E98}
		{ACEB6B4E-DDA7-490B-AC22-E559B58A1C89} = {8FD3F875-9E81-4934-AD5B-42F2622C9E98}
		{51A5248B-D1AA-4D42-B62A-5A2B90A481A6} = {8FD3F875-9E81-4934-AD5B-42F2622C9E98}
		{0423ACCC-0D31-4CA9-A77D-396005A3803E} = {8FD3F875-9E81-4934-AD5B-42F2622C9E98}
		{330710FA-6D6E-46B5-B825-09842B9919AF} = {4EEDA9B3-F939-4625-ABCB-410E1AC57941}
		{67ADE8A1-2126-4267-A301-C94F1639EBA4} = {FE916309-704A-4AA0-B117-6174C0CF92A3}
	EndGlobalSection
EndGlobal
